
Microsoft Visual Studio Solution File, Format Version 12.00
# Visual Studio Version 16
VisualStudioVersion = 16.0.31321.278
MinimumVisualStudioVersion = 10.0.40219.1
Project("{8BC9CEB8-8B4A-11D0-8D11-00A0C91BC942}") = "승부 예측", "승부 예측\승부 예측.vcxproj", "{151A7817-5F88-41AC-AD37-DCD0BC76C5F8}"
EndProject
Global
	GlobalSection(SolutionConfigurationPlatforms) = preSolution
		Debug|x64 = Debug|x64
		Debug|x86 = Debug|x86
		Release|x64 = Release|x64
		Release|x86 = Release|x86
	EndGlobalSection
	GlobalSection(ProjectConfigurationPlatforms) = postSolution
		{151A7817-5F88-41AC-AD37-DCD0BC76C5F8}.Debug|x64.ActiveCfg = Debug|x64
		{151A7817-5F88-41AC-AD37-DCD0BC76C5F8}.Debug|x64.Build.0 = Debug|x64
		{151A7817-5F88-41AC-AD37-DCD0BC76C5F8}.Debug|x86.ActiveCfg = Debug|Win32
		{151A7817-5F88-41AC-AD37-DCD0BC76C5F8}.Debug|x86.Build.0 = Debug|Win32
		{151A7817-5F88-41AC-AD37-DCD0BC76C5F8}.Release|x64.ActiveCfg = Release|x64
		{151A7817-5F88-41AC-AD37-DCD0BC76C5F8}.Release|x64.Build.0 = Release|x64
		{151A7817-5F88-41AC-AD37-DCD0BC76C5F8}.Release|x86.ActiveCfg = Release|Win32
		{151A7817-5F88-41AC-AD37-DCD0BC76C5F8}.Release|x86.Build.0 = Release|Win32
	EndGlobalSection
	GlobalSection(SolutionProperties) = preSolution
		HideSolutionNode = FALSE
	EndGlobalSection
	GlobalSection(ExtensibilityGlobals) = postSolution
		SolutionGuid = {2AB409BF-472B-40CF-A47A-0744631F2509}
	EndGlobalSection
EndGlobal
